// !$*UTF8*$!
{
	archiveVersion = 1;
	classes = {
	};
	objectVersion = 46;
	objects = {

/* Begin PBXBuildFile section */
		D037CDBC1FFC08BF0007C90E /* Assets.xcassets in Resources */ = {isa = PBXBuildFile; fileRef = D037CDBA1FFC08BF0007C90E /* Assets.xcassets */; };
		D037CDC01FFC08C80007C90E /* ViewController.swift in Sources */ = {isa = PBXBuildFile; fileRef = D037CDBE1FFC08C70007C90E /* ViewController.swift */; };
		D037CDC11FFC08C80007C90E /* AppDelegate.swift in Sources */ = {isa = PBXBuildFile; fileRef = D037CDBF1FFC08C70007C90E /* AppDelegate.swift */; };
		D037CDC51FFC092F0007C90E /* CustomView.swift in Sources */ = {isa = PBXBuildFile; fileRef = D037CDC31FFC092F0007C90E /* CustomView.swift */; };
		D037CDC61FFC092F0007C90E /* CustomSubview.swift in Sources */ = {isa = PBXBuildFile; fileRef = D037CDC41FFC092F0007C90E /* CustomSubview.swift */; };
/* End PBXBuildFile section */

/* Begin PBXFileReference section */
		D037CDB61FFC08BF0007C90E /* Info.plist */ = {isa = PBXFileReference; fileEncoding = 4; lastKnownFileType = text.plist.xml; path = Info.plist; sourceTree = "<group>"; };
		D037CDBA1FFC08BF0007C90E /* Assets.xcassets */ = {isa = PBXFileReference; lastKnownFileType = folder.assetcatalog; path = Assets.xcassets; sourceTree = "<group>"; };
		D037CDBD1FFC08C70007C90E /* 0_0 - UIView.app */ = {isa = PBXFileReference; explicitFileType = wrapper.application; includeInIndex = 0; name = "0_0 - UIView.app"; path = "/Users/justin/Documents/MyWorkspaces/iOS/Programmatic UI/0_0 - UIView/Base/build/Debug-iphoneos/0_0 - UIView.app"; sourceTree = "<absolute>"; };
		D037CDBE1FFC08C70007C90E /* ViewController.swift */ = {isa = PBXFileReference; fileEncoding = 4; lastKnownFileType = sourcecode.swift; name = ViewController.swift; path = ../ViewController.swift; sourceTree = "<group>"; };
		D037CDBF1FFC08C70007C90E /* AppDelegate.swift */ = {isa = PBXFileReference; fileEncoding = 4; lastKnownFileType = sourcecode.swift; name = AppDelegate.swift; path = ../AppDelegate.swift; sourceTree = "<group>"; };
		D037CDC31FFC092F0007C90E /* CustomView.swift */ = {isa = PBXFileReference; fileEncoding = 4; lastKnownFileType = sourcecode.swift; name = CustomView.swift; path = "../../../../../Ref/Libraries/Programmatic UI/CustomView.swift"; sourceTree = "<group>"; };
		D037CDC41FFC092F0007C90E /* CustomSubview.swift */ = {isa = PBXFileReference; fileEncoding = 4; lastKnownFileType = sourcecode.swift; name = CustomSubview.swift; path = "../../../../../Ref/Libraries/Programmatic UI/CustomSubview.swift"; sourceTree = "<group>"; };
		D037CDC71FFC097D0007C90E /* 0_0 - UIView.app */ = {isa = PBXFileReference; lastKnownFileType = wrapper.application; path = "0_0 - UIView.app"; sourceTree = "<group>"; };
/* End PBXFileReference section */

/* Begin PBXFrameworksBuildPhase section */
		D039B4B31BF4D7950024005F /* Frameworks */ = {
			isa = PBXFrameworksBuildPhase;
			buildActionMask = 2147483647;
			files = (
			);
			runOnlyForDeploymentPostprocessing = 0;
		};
/* End PBXFrameworksBuildPhase section */

/* Begin PBXGroup section */
		D037CDB51FFC08B60007C90E /* Base */ = {
			isa = PBXGroup;
			children = (
				D037CDC81FFC09870007C90E /* Product */,
				D037CDBA1FFC08BF0007C90E /* Assets.xcassets */,
				D037CDB61FFC08BF0007C90E /* Info.plist */,
			);
			name = Base;
			sourceTree = "<group>";
		};
		D037CDC21FFC090D0007C90E /* Lib */ = {
			isa = PBXGroup;
			children = (
				D037CDC41FFC092F0007C90E /* CustomSubview.swift */,
				D037CDC31FFC092F0007C90E /* CustomView.swift */,
			);
			name = Lib;
			sourceTree = "<group>";
		};
		D037CDC81FFC09870007C90E /* Product */ = {
			isa = PBXGroup;
			children = (
				D037CDC71FFC097D0007C90E /* 0_0 - UIView.app */,
			);
			path = Product;
			sourceTree = "<group>";
		};
		D039B4AD1BF4D7950024005F = {
			isa = PBXGroup;
			children = (
				D037CDB51FFC08B60007C90E /* Base */,
				D037CDC21FFC090D0007C90E /* Lib */,
				D037CDBF1FFC08C70007C90E /* AppDelegate.swift */,
				D037CDBE1FFC08C70007C90E /* ViewController.swift */,
			);
			sourceTree = "<group>";
		};
/* End PBXGroup section */

/* Begin PBXNativeTarget section */
		D039B4B51BF4D7950024005F /* 0_0 - UIView */ = {
			isa = PBXNativeTarget;
			buildConfigurationList = D039B4C81BF4D7950024005F /* Build configuration list for PBXNativeTarget "0_0 - UIView" */;
			buildPhases = (
				D039B4B21BF4D7950024005F /* Sources */,
				D039B4B31BF4D7950024005F /* Frameworks */,
				D039B4B41BF4D7950024005F /* Resources */,
			);
			buildRules = (
			);
			dependencies = (
			);
			name = "0_0 - UIView";
			productName = "0_0 - UIView";
			productReference = D037CDBD1FFC08C70007C90E /* 0_0 - UIView.app */;
			productType = "com.apple.product-type.application";
		};
/* End PBXNativeTarget section */

/* Begin PBXProject section */
		D039B4AE1BF4D7950024005F /* Project object */ = {
			isa = PBXProject;
			attributes = {
				LastSwiftUpdateCheck = 0710;
				LastUpgradeCheck = 0910;
				ORGANIZATIONNAME = Jaostech;
				TargetAttributes = {
					D039B4B51BF4D7950024005F = {
						CreatedOnToolsVersion = 7.1;
						DevelopmentTeam = HRCQBX7PVQ;
						LastSwiftMigration = 0920;
					};
				};
			};
			buildConfigurationList = D039B4B11BF4D7950024005F /* Build configuration list for PBXProject "0_0 - UIView" */;
			compatibilityVersion = "Xcode 3.2";
			developmentRegion = English;
			hasScannedForEncodings = 0;
			knownRegions = (
				en,
				Base,
			);
			mainGroup = D039B4AD1BF4D7950024005F;
			productRefGroup = D039B4AD1BF4D7950024005F;
			projectDirPath = "";
			projectRoot = "";
			targets = (
				D039B4B51BF4D7950024005F /* 0_0 - UIView */,
			);
		};
/* End PBXProject section */

/* Begin PBXResourcesBuildPhase section */
		D039B4B41BF4D7950024005F /* Resources */ = {
			isa = PBXResourcesBuildPhase;
			buildActionMask = 2147483647;
			files = (
				D037CDBC1FFC08BF0007C90E /* Assets.xcassets in Resources */,
			);
			runOnlyForDeploymentPostprocessing = 0;
		};
/* End PBXResourcesBuildPhase section */

/* Begin PBXSourcesBuildPhase section */
		D039B4B21BF4D7950024005F /* Sources */ = {
			isa = PBXSourcesBuildPhase;
			buildActionMask = 2147483647;
			files = (
				D037CDC51FFC092F0007C90E /* CustomView.swift in Sources */,
				D037CDC11FFC08C80007C90E /* AppDelegate.swift in Sources */,
				D037CDC61FFC092F0007C90E /* CustomSubview.swift in Sources */,
				D037CDC01FFC08C80007C90E /* ViewController.swift in Sources */,
			);
			runOnlyForDeploymentPostprocessing = 0;
		};
/* End PBXSourcesBuildPhase section */

/* Begin XCBuildConfiguration section */
		D039B4C61BF4D7950024005F /* Debug */ = {
			isa = XCBuildConfiguration;
			buildSettings = {
				ALWAYS_SEARCH_USER_PATHS = NO;
				CLANG_CXX_LANGUAGE_STANDARD = "gnu++0x";
				CLANG_CXX_LIBRARY = "libc++";
				CLANG_ENABLE_MODULES = YES;
				CLANG_ENABLE_OBJC_ARC = YES;
				CLANG_WARN_BLOCK_CAPTURE_AUTORELEASING = YES;
				CLANG_WARN_BOOL_CONVERSION = YES;
				CLANG_WARN_COMMA = YES;
				CLANG_WARN_CONSTANT_CONVERSION = YES;
				CLANG_WARN_DIRECT_OBJC_ISA_USAGE = YES_ERROR;
				CLANG_WARN_EMPTY_BODY = YES;
				CLANG_WARN_ENUM_CONVERSION = YES;
				CLANG_WARN_INFINITE_RECURSION = YES;
				CLANG_WARN_INT_CONVERSION = YES;
				CLANG_WARN_NON_LITERAL_NULL_CONVERSION = YES;
				CLANG_WARN_OBJC_LITERAL_CONVERSION = YES;
				CLANG_WARN_OBJC_ROOT_CLASS = YES_ERROR;
				CLANG_WARN_RANGE_LOOP_ANALYSIS = YES;
				CLANG_WARN_STRICT_PROTOTYPES = YES;
				CLANG_WARN_SUSPICIOUS_MOVE = YES;
				CLANG_WARN_UNREACHABLE_CODE = YES;
				CLANG_WARN__DUPLICATE_METHOD_MATCH = YES;
				"CODE_SIGN_IDENTITY[sdk=iphoneos*]" = "iPhone Developer";
				COPY_PHASE_STRIP = NO;
				DEBUG_INFORMATION_FORMAT = dwarf;
				ENABLE_STRICT_OBJC_MSGSEND = YES;
				ENABLE_TESTABILITY = YES;
				GCC_C_LANGUAGE_STANDARD = gnu99;
				GCC_DYNAMIC_NO_PIC = NO;
				GCC_NO_COMMON_BLOCKS = YES;
				GCC_OPTIMIZATION_LEVEL = 0;
				GCC_PREPROCESSOR_DEFINITIONS = (
					"DEBUG=1",
					"$(inherited)",
				);
				GCC_WARN_64_TO_32_BIT_CONVERSION = YES;
				GCC_WARN_ABOUT_RETURN_TYPE = YES_ERROR;
				GCC_WARN_UNDECLARED_SELECTOR = YES;
				GCC_WARN_UNINITIALIZED_AUTOS = YES_AGGRESSIVE;
				GCC_WARN_UNUSED_FUNCTION = YES;
				GCC_WARN_UNUSED_VARIABLE = YES;
				IPHONEOS_DEPLOYMENT_TARGET = 11.2;
				MTL_ENABLE_DEBUG_INFO = YES;
				ONLY_ACTIVE_ARCH = YES;
				SDKROOT = iphoneos;
				SWIFT_OPTIMIZATION_LEVEL = "-Onone";
			};
			name = Debug;
		};
		D039B4C71BF4D7950024005F /* Release */ = {
			isa = XCBuildConfiguration;
			buildSettings = {
				ALWAYS_SEARCH_USER_PATHS = NO;
				CLANG_CXX_LANGUAGE_STANDARD = "gnu++0x";
				CLANG_CXX_LIBRARY = "libc++";
				CLANG_ENABLE_MODULES = YES;
				CLANG_ENABLE_OBJC_ARC = YES;
				CLANG_WARN_BLOCK_CAPTURE_AUTORELEASING = YES;
				CLANG_WARN_BOOL_CONVERSION = YES;
				CLANG_WARN_COMMA = YES;
				CLANG_WARN_CONSTANT_CONVERSION = YES;
				CLANG_WARN_DIRECT_OBJC_ISA_USAGE = YES_ERROR;
				CLANG_WARN_EMPTY_BODY = YES;
				CLANG_WARN_ENUM_CONVERSION = YES;
				CLANG_WARN_INFINITE_RECURSION = YES;
				CLANG_WARN_INT_CONVERSION = YES;
				CLANG_WARN_NON_LITERAL_NULL_CONVERSION = YES;
				CLANG_WARN_OBJC_LITERAL_CONVERSION = YES;
				CLANG_WARN_OBJC_ROOT_CLASS = YES_ERROR;
				CLANG_WARN_RANGE_LOOP_ANALYSIS = YES;
				CLANG_WARN_STRICT_PROTOTYPES = YES;
				CLANG_WARN_SUSPICIOUS_MOVE = YES;
				CLANG_WARN_UNREACHABLE_CODE = YES;
				CLANG_WARN__DUPLICATE_METHOD_MATCH = YES;
				"CODE_SIGN_IDENTITY[sdk=iphoneos*]" = "iPhone Developer";
				COPY_PHASE_STRIP = NO;
				DEBUG_INFORMATION_FORMAT = "dwarf-with-dsym";
				ENABLE_NS_ASSERTIONS = NO;
				ENABLE_STRICT_OBJC_MSGSEND = YES;
				GCC_C_LANGUAGE_STANDARD = gnu99;
				GCC_NO_COMMON_BLOCKS = YES;
				GCC_WARN_64_TO_32_BIT_CONVERSION = YES;
				GCC_WARN_ABOUT_RETURN_TYPE = YES_ERROR;
				GCC_WARN_UNDECLARED_SELECTOR = YES;
				GCC_WARN_UNINITIALIZED_AUTOS = YES_AGGRESSIVE;
				GCC_WARN_UNUSED_FUNCTION = YES;
				GCC_WARN_UNUSED_VARIABLE = YES;
				IPHONEOS_DEPLOYMENT_TARGET = 11.2;
				MTL_ENABLE_DEBUG_INFO = NO;
				SDKROOT = iphoneos;
				SWIFT_OPTIMIZATION_LEVEL = "-Owholemodule";
				VALIDATE_PRODUCT = YES;
			};
			name = Release;
		};
		D039B4C91BF4D7950024005F /* Debug */ = {
			isa = XCBuildConfiguration;
			buildSettings = {
				ASSETCATALOG_COMPILER_APPICON_NAME = AppIcon;
				CLANG_ENABLE_MODULES = YES;
				CODE_SIGN_IDENTITY = "iPhone Developer";
				INFOPLIST_FILE = "$(SRCROOT)/Info.plist";
				LD_RUNPATH_SEARCH_PATHS = "$(inherited) @executable_path/Frameworks";
				PRODUCT_BUNDLE_IDENTIFIER = "com.jaostech.0-0-UIView";
				PRODUCT_NAME = "$(TARGET_NAME)";
				SWIFT_OPTIMIZATION_LEVEL = "-Onone";
				SWIFT_VERSION = 4.0;
			};
			name = Debug;
		};
		D039B4CA1BF4D7950024005F /* Release */ = {
			isa = XCBuildConfiguration;
			buildSettings = {
				ASSETCATALOG_COMPILER_APPICON_NAME = AppIcon;
				CLANG_ENABLE_MODULES = YES;
				CODE_SIGN_IDENTITY = "iPhone Developer";
				INFOPLIST_FILE = "$(SRCROOT)/Info.plist";
				LD_RUNPATH_SEARCH_PATHS = "$(inherited) @executable_path/Frameworks";
				PRODUCT_BUNDLE_IDENTIFIER = "com.jaostech.0-0-UIView";
				PRODUCT_NAME = "$(TARGET_NAME)";
				SWIFT_VERSION = 4.0;
			};
			name = Release;
		};
/* End XCBuildConfiguration section */

/* Begin XCConfigurationList section */
		D039B4B11BF4D7950024005F /* Build configuration list for PBXProject "0_0 - UIView" */ = {
			isa = XCConfigurationList;
			buildConfigurations = (
				D039B4C61BF4D7950024005F /* Debug */,
				D039B4C71BF4D7950024005F /* Release */,
			);
			defaultConfigurationIsVisible = 0;
			defaultConfigurationName = Release;
		};
		D039B4C81BF4D7950024005F /* Build configuration list for PBXNativeTarget "0_0 - UIView" */ = {
			isa = XCConfigurationList;
			buildConfigurations = (
				D039B4C91BF4D7950024005F /* Debug */,
				D039B4CA1BF4D7950024005F /* Release */,
			);
			defaultConfigurationIsVisible = 0;
			defaultConfigurationName = Release;
		};
/* End XCConfigurationList section */
	};
	rootObject = D039B4AE1BF4D7950024005F /* Project object */;
}
